
Microsoft Visual Studio Solution File, Format Version 11.00
# Visual Studio 2010
Project("{FAE04EC0-301F-11D3-BF4B-00C04F79EFBC}") = "Assembly-CSharp", "Assembly-CSharp.csproj", "{2267CE53-0702-0E26-8DAA-A75C3A9DA180}"
EndProject
Project("{FAE04EC0-301F-11D3-BF4B-00C04F79EFBC}") = "Assembly-CSharp-firstpass", "Assembly-CSharp-firstpass.csproj", "{3ED2BDA7-E2BE-8777-A874-3E1CB8F8265E}"
EndProject
Project("{FAE04EC0-301F-11D3-BF4B-00C04F79EFBC}") = "Assembly-CSharp-Editor", "Assembly-CSharp-Editor.csproj", "{BDAAED0E-7692-827A-7F84-CFC119F22DD8}"
EndProject
Project("{FAE04EC0-301F-11D3-BF4B-00C04F79EFBC}") = "Assembly-CSharp-Editor-firstpass", "Assembly-CSharp-Editor-firstpass.csproj", "{E9CD3976-630F-2226-2304-B69C655A8720}"
EndProject
Global
	GlobalSection(SolutionConfigurationPlatforms) = preSolution
		Debug|Any CPU = Debug|Any CPU
		Release|Any CPU = Release|Any CPU
	EndGlobalSection
	GlobalSection(ProjectConfigurationPlatforms) = postSolution
		{2267CE53-0702-0E26-8DAA-A75C3A9DA180}.Debug|Any CPU.ActiveCfg = Debug|Any CPU
		{2267CE53-0702-0E26-8DAA-A75C3A9DA180}.Debug|Any CPU.Build.0 = Debug|Any CPU
		{2267CE53-0702-0E26-8DAA-A75C3A9DA180}.Release|Any CPU.ActiveCfg = Release|Any CPU
		{2267CE53-0702-0E26-8DAA-A75C3A9DA180}.Release|Any CPU.Build.0 = Release|Any CPU
		{3ED2BDA7-E2BE-8777-A874-3E1CB8F8265E}.Debug|Any CPU.ActiveCfg = Debug|Any CPU
		{3ED2BDA7-E2BE-8777-A874-3E1CB8F8265E}.Debug|Any CPU.Build.0 = Debug|Any CPU
		{3ED2BDA7-E2BE-8777-A874-3E1CB8F8265E}.Release|Any CPU.ActiveCfg = Release|Any CPU
		{3ED2BDA7-E2BE-8777-A874-3E1CB8F8265E}.Release|Any CPU.Build.0 = Release|Any CPU
		{BDAAED0E-7692-827A-7F84-CFC119F22DD8}.Debug|Any CPU.ActiveCfg = Debug|Any CPU
		{BDAAED0E-7692-827A-7F84-CFC119F22DD8}.Debug|Any CPU.Build.0 = Debug|Any CPU
		{BDAAED0E-7692-827A-7F84-CFC119F22DD8}.Release|Any CPU.ActiveCfg = Release|Any CPU
		{BDAAED0E-7692-827A-7F84-CFC119F22DD8}.Release|Any CPU.Build.0 = Release|Any CPU
		{E9CD3976-630F-2226-2304-B69C655A8720}.Debug|Any CPU.ActiveCfg = Debug|Any CPU
		{E9CD3976-630F-2226-2304-B69C655A8720}.Debug|Any CPU.Build.0 = Debug|Any CPU
		{E9CD3976-630F-2226-2304-B69C655A8720}.Release|Any CPU.ActiveCfg = Release|Any CPU
		{E9CD3976-630F-2226-2304-B69C655A8720}.Release|Any CPU.Build.0 = Release|Any CPU
	EndGlobalSection
	GlobalSection(SolutionProperties) = preSolution
		HideSolutionNode = FALSE
	EndGlobalSection
EndGlobal
