
<<<<<<< HEAD
Microsoft Visual Studio Solution File, Format Version 11.00
# Visual Studio 2010
=======
Microsoft Visual Studio Solution File, Format Version 12.00
# Visual Studio 15
>>>>>>> 256d3732ea58a5e9c3e2bc3a4225597e4dc3d6d3
Project("{FAE04EC0-301F-11D3-BF4B-00C04F79EFBC}") = "Assembly-CSharp", "Assembly-CSharp.csproj", "{ABD5598B-0123-F74D-D6E3-EE94D146AD3C}"
EndProject
Project("{FAE04EC0-301F-11D3-BF4B-00C04F79EFBC}") = "Assembly-CSharp-firstpass", "Assembly-CSharp-firstpass.csproj", "{C7E64B9E-63A8-6EBC-C305-7A0C12769AC2}"
EndProject
Project("{FAE04EC0-301F-11D3-BF4B-00C04F79EFBC}") = "Assembly-CSharp-Editor", "Assembly-CSharp-Editor.csproj", "{2A5266B3-FC12-4592-0981-F08430BF203C}"
EndProject
Project("{FAE04EC0-301F-11D3-BF4B-00C04F79EFBC}") = "Assembly-CSharp-Editor-firstpass", "Assembly-CSharp-Editor-firstpass.csproj", "{64A51DF5-614C-046A-245A-4FD326EF7334}"
EndProject
Global
	GlobalSection(SolutionConfigurationPlatforms) = preSolution
		Debug|Any CPU = Debug|Any CPU
		Release|Any CPU = Release|Any CPU
	EndGlobalSection
	GlobalSection(ProjectConfigurationPlatforms) = postSolution
		{ABD5598B-0123-F74D-D6E3-EE94D146AD3C}.Debug|Any CPU.ActiveCfg = Debug|Any CPU
		{ABD5598B-0123-F74D-D6E3-EE94D146AD3C}.Debug|Any CPU.Build.0 = Debug|Any CPU
		{ABD5598B-0123-F74D-D6E3-EE94D146AD3C}.Release|Any CPU.ActiveCfg = Release|Any CPU
		{ABD5598B-0123-F74D-D6E3-EE94D146AD3C}.Release|Any CPU.Build.0 = Release|Any CPU
		{C7E64B9E-63A8-6EBC-C305-7A0C12769AC2}.Debug|Any CPU.ActiveCfg = Debug|Any CPU
		{C7E64B9E-63A8-6EBC-C305-7A0C12769AC2}.Debug|Any CPU.Build.0 = Debug|Any CPU
		{C7E64B9E-63A8-6EBC-C305-7A0C12769AC2}.Release|Any CPU.ActiveCfg = Release|Any CPU
		{C7E64B9E-63A8-6EBC-C305-7A0C12769AC2}.Release|Any CPU.Build.0 = Release|Any CPU
		{2A5266B3-FC12-4592-0981-F08430BF203C}.Debug|Any CPU.ActiveCfg = Debug|Any CPU
		{2A5266B3-FC12-4592-0981-F08430BF203C}.Debug|Any CPU.Build.0 = Debug|Any CPU
		{2A5266B3-FC12-4592-0981-F08430BF203C}.Release|Any CPU.ActiveCfg = Release|Any CPU
		{2A5266B3-FC12-4592-0981-F08430BF203C}.Release|Any CPU.Build.0 = Release|Any CPU
		{64A51DF5-614C-046A-245A-4FD326EF7334}.Debug|Any CPU.ActiveCfg = Debug|Any CPU
		{64A51DF5-614C-046A-245A-4FD326EF7334}.Debug|Any CPU.Build.0 = Debug|Any CPU
		{64A51DF5-614C-046A-245A-4FD326EF7334}.Release|Any CPU.ActiveCfg = Release|Any CPU
		{64A51DF5-614C-046A-245A-4FD326EF7334}.Release|Any CPU.Build.0 = Release|Any CPU
	EndGlobalSection
	GlobalSection(SolutionProperties) = preSolution
		HideSolutionNode = FALSE
	EndGlobalSection
EndGlobal
